{
    "_readme": [
        "This file locks the dependencies of your project to a known state",
        "Read more about it at https://getcomposer.org/doc/01-basic-usage.md#installing-dependencies",
        "This file is @generated automatically"
    ],
    "content-hash": "283ddddb7b1d3e146280c32af56ba4a6",
    "packages": [
        {
            "name": "composer/installers",
            "version": "v1.6.0",
            "source": {
                "type": "git",
                "url": "https://github.com/composer/installers.git",
                "reference": "cfcca6b1b60bc4974324efb5783c13dca6932b5b"
            },
            "dist": {
                "type": "zip",
                "url": "https://api.github.com/repos/composer/installers/zipball/cfcca6b1b60bc4974324efb5783c13dca6932b5b",
                "reference": "cfcca6b1b60bc4974324efb5783c13dca6932b5b",
                "shasum": ""
            },
            "require": {
                "composer-plugin-api": "^1.0"
            },
            "replace": {
                "roundcube/plugin-installer": "*",
                "shama/baton": "*"
            },
            "require-dev": {
                "composer/composer": "1.0.*@dev",
                "phpunit/phpunit": "^4.8.36"
            },
            "type": "composer-plugin",
            "extra": {
                "class": "Composer\\Installers\\Plugin",
                "branch-alias": {
                    "dev-master": "1.0-dev"
                }
            },
            "autoload": {
                "psr-4": {
                    "Composer\\Installers\\": "src/Composer/Installers"
                }
            },
            "notification-url": "https://packagist.org/downloads/",
            "license": [
                "MIT"
            ],
            "authors": [
                {
                    "name": "Kyle Robinson Young",
                    "email": "kyle@dontkry.com",
                    "homepage": "https://github.com/shama"
                }
            ],
            "description": "A multi-framework Composer library installer",
            "homepage": "https://composer.github.io/installers/",
            "keywords": [
                "Craft",
                "Dolibarr",
                "Eliasis",
                "Hurad",
                "ImageCMS",
                "Kanboard",
                "Lan Management System",
                "MODX Evo",
                "Mautic",
                "Maya",
                "OXID",
                "Plentymarkets",
                "Porto",
                "RadPHP",
                "SMF",
                "Thelia",
                "WolfCMS",
                "agl",
                "aimeos",
                "annotatecms",
                "attogram",
                "bitrix",
                "cakephp",
                "chef",
                "cockpit",
                "codeigniter",
                "concrete5",
                "croogo",
                "dokuwiki",
                "drupal",
                "eZ Platform",
                "elgg",
                "expressionengine",
                "fuelphp",
                "grav",
                "installer",
                "itop",
                "joomla",
                "kohana",
                "laravel",
                "lavalite",
                "lithium",
                "magento",
                "majima",
                "mako",
                "mediawiki",
                "modulework",
                "modx",
                "moodle",
                "osclass",
                "phpbb",
                "piwik",
                "ppi",
                "puppet",
                "pxcms",
                "reindex",
                "roundcube",
                "shopware",
                "silverstripe",
                "sydes",
                "symfony",
                "typo3",
                "wordpress",
                "yawik",
                "zend",
                "zikula"
            ],
            "time": "2018-08-27T06:10:37+00:00"
        },
        {
            "name": "johnpbloch/wordpress",
            "version": "5.0.3",
            "source": {
                "type": "git",
                "url": "https://github.com/johnpbloch/wordpress.git",
                "reference": "516609b5bc19b1dd7cff9f9b4e9d1026363049ce"
            },
            "dist": {
                "type": "zip",
                "url": "https://api.github.com/repos/johnpbloch/wordpress/zipball/516609b5bc19b1dd7cff9f9b4e9d1026363049ce",
                "reference": "516609b5bc19b1dd7cff9f9b4e9d1026363049ce",
                "shasum": ""
            },
            "require": {
                "johnpbloch/wordpress-core": "5.0.3",
                "johnpbloch/wordpress-core-installer": "^1.0",
                "php": ">=5.3.2"
            },
            "type": "package",
            "notification-url": "https://packagist.org/downloads/",
            "license": [
                "GPL-2.0+"
            ],
            "authors": [
                {
                    "name": "WordPress Community",
                    "homepage": "http://wordpress.org/about/"
                }
            ],
            "description": "WordPress is web software you can use to create a beautiful website or blog.",
            "homepage": "http://wordpress.org/",
            "keywords": [
                "blog",
                "cms",
                "wordpress"
            ],
            "time": "2019-01-09T18:42:21+00:00"
        },
        {
            "name": "johnpbloch/wordpress-core",
            "version": "5.0.3",
            "source": {
                "type": "git",
                "url": "https://github.com/johnpbloch/wordpress-core.git",
                "reference": "76c8acab20262adc0eb70d20aace3d36c2f3a16f"
            },
            "dist": {
                "type": "zip",
                "url": "https://api.github.com/repos/johnpbloch/wordpress-core/zipball/76c8acab20262adc0eb70d20aace3d36c2f3a16f",
                "reference": "76c8acab20262adc0eb70d20aace3d36c2f3a16f",
                "shasum": ""
            },
            "require": {
                "php": ">=5.3.2"
            },
            "provide": {
                "wordpress/core-implementation": "5.0.3"
            },
            "type": "wordpress-core",
            "notification-url": "https://packagist.org/downloads/",
            "license": [
                "GPL-2.0-or-later"
            ],
            "authors": [
                {
                    "name": "WordPress Community",
                    "homepage": "http://wordpress.org/about/"
                }
            ],
            "description": "WordPress is web software you can use to create a beautiful website or blog.",
            "homepage": "http://wordpress.org/",
            "keywords": [
                "blog",
                "cms",
                "wordpress"
            ],
            "time": "2019-01-09T18:42:15+00:00"
        },
        {
            "name": "johnpbloch/wordpress-core-installer",
            "version": "1.0.2",
            "source": {
                "type": "git",
                "url": "https://github.com/johnpbloch/wordpress-core-installer.git",
                "reference": "fd12f5cfe27223b92b0f4bbc097059eb23cc56c4"
            },
            "dist": {
                "type": "zip",
                "url": "https://api.github.com/repos/johnpbloch/wordpress-core-installer/zipball/fd12f5cfe27223b92b0f4bbc097059eb23cc56c4",
                "reference": "fd12f5cfe27223b92b0f4bbc097059eb23cc56c4",
                "shasum": ""
            },
            "require": {
                "composer-plugin-api": "^1.0"
            },
            "conflict": {
                "composer/installers": "<1.0.6"
            },
            "require-dev": {
                "composer/composer": "^1.0",
                "phpunit/phpunit": ">=4.8.35"
            },
            "type": "composer-plugin",
            "extra": {
                "class": "johnpbloch\\Composer\\WordPressCorePlugin"
            },
            "autoload": {
                "psr-0": {
                    "johnpbloch\\Composer\\": "src/"
                }
            },
            "notification-url": "https://packagist.org/downloads/",
            "license": [
                "GPL-2.0-or-later"
            ],
            "authors": [
                {
                    "name": "John P. Bloch",
                    "email": "me@johnpbloch.com"
                }
            ],
            "description": "A custom installer to handle deploying WordPress with composer",
            "keywords": [
                "wordpress"
            ],
            "time": "2018-11-09T20:10:38+00:00"
        },
        {
            "name": "koodimonni/composer-dropin-installer",
            "version": "dev-master",
            "source": {
                "type": "git",
                "url": "https://github.com/Koodimonni/Composer-Dropin-Installer.git",
                "reference": "5e801a7f96c2d78c71c624c94b8056c99a1afd53"
            },
            "dist": {
                "type": "zip",
                "url": "https://api.github.com/repos/Koodimonni/Composer-Dropin-Installer/zipball/5e801a7f96c2d78c71c624c94b8056c99a1afd53",
                "reference": "5e801a7f96c2d78c71c624c94b8056c99a1afd53",
                "shasum": ""
            },
            "require": {
                "composer-plugin-api": "^1.0"
            },
            "require-dev": {
                "phpunit/phpunit": "3.7.*-dev"
            },
            "type": "composer-plugin",
            "extra": {
                "class": "Koodimonni\\Composer\\Dropin"
            },
            "autoload": {
                "psr-4": {
                    "Koodimonni\\Composer\\": "src"
                }
            },
            "notification-url": "https://packagist.org/downloads/",
            "license": [
                "WTFPL"
            ],
            "authors": [
                {
                    "name": "Onni Hakala",
                    "email": "onni@koodimonni.fi",
                    "role": "Developer"
                }
            ],
            "description": "Install packages or a few files from packages into custom paths without overwriting existing stuff.",
            "time": "2018-02-04T10:56:35+00:00"
        },
        {
            "name": "oomphinc/composer-installers-extender",
            "version": "v1.1.2",
            "source": {
                "type": "git",
                "url": "https://github.com/oomphinc/composer-installers-extender.git",
                "reference": "ca1c4b16b0905c81d1e77e608f36a2eff1a56f56"
            },
            "dist": {
                "type": "zip",
                "url": "https://api.github.com/repos/oomphinc/composer-installers-extender/zipball/ca1c4b16b0905c81d1e77e608f36a2eff1a56f56",
                "reference": "ca1c4b16b0905c81d1e77e608f36a2eff1a56f56",
                "shasum": ""
            },
            "require": {
                "composer-plugin-api": "^1.0",
                "composer/installers": "^1.0"
            },
            "type": "composer-plugin",
            "extra": {
                "class": "OomphInc\\ComposerInstallersExtender\\Plugin"
            },
            "autoload": {
                "psr-4": {
                    "OomphInc\\ComposerInstallersExtender\\": "src/"
                }
            },
            "notification-url": "https://packagist.org/downloads/",
            "license": [
                "MIT"
            ],
            "authors": [
                {
                    "name": "Stephen Beemsterboer",
                    "email": "stephen@oomphinc.com",
                    "homepage": "https://github.com/balbuf"
                }
            ],
            "description": "Extend the composer/installers plugin to accept any arbitrary package type.",
            "homepage": "http://www.oomphinc.com/",
            "time": "2017-03-31T16:57:39+00:00"
        },
        {
            "name": "rljentertainment/rlje-api-wp-plugin",
            "version": "dev-release/acorn-2.0-internal-v2",
            "source": {
                "type": "git",
                "url": "git@github.com:RLJEntertainment/rlje-api-wp-plugin.git",
                "reference": "c154ad563960b77b98cc8135716aab8eddf6a2d2"
            },
            "dist": {
                "type": "zip",
                "url": "https://api.github.com/repos/RLJEntertainment/rlje-api-wp-plugin/zipball/c154ad563960b77b98cc8135716aab8eddf6a2d2",
                "reference": "c154ad563960b77b98cc8135716aab8eddf6a2d2",
                "shasum": ""
            },
            "require": {
                "composer/installers": "~1.0",
                "johnpbloch/wordpress": "^5.0"
            },
            "require-dev": {
                "dealerdirect/phpcodesniffer-composer-installer": "^0.4.4",
                "phpcompatibility/phpcompatibility-wp": "^1.0",
                "sirbrillig/phpcs-variable-analysis": "^2.0",
                "wp-coding-standards/wpcs": "^1.1.0"
            },
            "type": "wordpress-plugin",
            "scripts": {
                "php:5.2-compatibility": [
                    "composer install && vendor/bin/phpcs -p --runtime-set testVersion '5.2-' --standard=PHPCompatibilityWP --ignore=docker,tools,tests,node_modules,vendor --extensions=php"
                ],
                "php:lint": [
                    "composer install && vendor/bin/phpcs -p"
                ]
            },
            "support": {
                "source": "https://github.com/RLJEntertainment/rlje-api-wp-plugin/tree/release/acorn-2.0-internal-v2",
                "issues": "https://github.com/RLJEntertainment/rlje-api-wp-plugin/issues"
            },
            "time": "2019-02-05T21:41:48+00:00"
        },
        {
            "name": "tsoisoonthorn/rlje-wp-plugin",
            "version": "dev-master",
            "source": {
                "type": "git",
                "url": "https://github.com/ubiquitous-tom/wp-plugins-composer.git",
                "reference": "4ce39293d752de598f7861060e72552e40c70eab"
            },
            "dist": {
                "type": "zip",
                "url": "https://api.github.com/repos/ubiquitous-tom/wp-plugins-composer/zipball/4ce39293d752de598f7861060e72552e40c70eab",
                "reference": "4ce39293d752de598f7861060e72552e40c70eab",
                "shasum": ""
            },
            "require": {
                "composer/installers": "~1.0",
                "johnpbloch/wordpress": "^5.0"
            },
            "require-dev": {
                "dealerdirect/phpcodesniffer-composer-installer": "^0.4.4",
                "phpcompatibility/phpcompatibility-wp": "^1.0",
                "sirbrillig/phpcs-variable-analysis": "^2.0",
                "wp-coding-standards/wpcs": "^1.1.0"
            },
            "type": "wordpress-plugin",
            "scripts": {
                "php:5.2-compatibility": [
                    "composer install && vendor/bin/phpcs -p --runtime-set testVersion '5.2-' --standard=PHPCompatibilityWP --ignore=docker,tools,tests,node_modules,vendor --extensions=php"
                ],
                "php:lint": [
                    "composer install && vendor/bin/phpcs -p"
                ]
            },
            "support": {
                "source": "https://github.com/ubiquitous-tom/wp-plugins-composer/tree/master",
                "issues": "https://github.com/ubiquitous-tom/wp-plugins-composer/issues"
            },
            "time": "2019-02-05T21:42:51+00:00"
        },
        {
            "name": "tsoisoonthorn/rlje-wp-theme",
            "version": "dev-master",
            "source": {
                "type": "git",
                "url": "https://github.com/ubiquitous-tom/wp-themes-composer.git",
                "reference": "f247038a9d86a6c1085d0bb9530698ca76710fd1"
            },
            "dist": {
                "type": "zip",
                "url": "https://api.github.com/repos/ubiquitous-tom/wp-themes-composer/zipball/f247038a9d86a6c1085d0bb9530698ca76710fd1",
                "reference": "f247038a9d86a6c1085d0bb9530698ca76710fd1",
                "shasum": ""
            },
            "require": {
                "composer/installers": "~1.0",
                "johnpbloch/wordpress": "^5.0"
            },
            "require-dev": {
                "dealerdirect/phpcodesniffer-composer-installer": "^0.4.4",
                "phpcompatibility/phpcompatibility-wp": "^1.0",
                "sirbrillig/phpcs-variable-analysis": "^2.0",
                "wp-coding-standards/wpcs": "^1.1.0"
            },
            "type": "wordpress-theme",
            "scripts": {
                "php:5.2-compatibility": [
                    "composer install && vendor/bin/phpcs -p --runtime-set testVersion '5.2-' --standard=PHPCompatibilityWP --ignore=docker,tools,tests,node_modules,vendor --extensions=php"
                ],
                "php:lint": [
                    "composer install && vendor/bin/phpcs -p"
                ]
            },
            "support": {
                "source": "https://github.com/ubiquitous-tom/wp-themes-composer/tree/master",
                "issues": "https://github.com/ubiquitous-tom/wp-themes-composer/issues"
            },
            "time": "2019-02-05T23:14:02+00:00"
        },
        {
            "name": "wpackagist-plugin/classic-editor",
            "version": "0.4",
            "source": {
                "type": "svn",
                "url": "https://plugins.svn.wordpress.org/classic-editor/",
                "reference": "tags/0.4"
            },
            "dist": {
                "type": "zip",
                "url": "https://downloads.wordpress.org/plugin/classic-editor.0.4.zip",
                "reference": null,
                "shasum": null
            },
            "require": {
                "composer/installers": "~1.0"
            },
            "type": "wordpress-plugin",
            "homepage": "https://wordpress.org/plugins/classic-editor/"
        },
        {
            "name": "wpackagist-plugin/gutenberg",
            "version": "4.9.0",
            "source": {
                "type": "svn",
                "url": "https://plugins.svn.wordpress.org/gutenberg/",
                "reference": "tags/4.9.0"
            },
            "dist": {
                "type": "zip",
                "url": "https://downloads.wordpress.org/plugin/gutenberg.4.9.0.zip",
                "reference": null,
                "shasum": null
            },
            "require": {
                "composer/installers": "~1.0"
            },
            "type": "wordpress-plugin",
            "homepage": "https://wordpress.org/plugins/gutenberg/"
        },
        {
            "name": "wpackagist-plugin/jetpack",
            "version": "6.9",
            "source": {
                "type": "svn",
                "url": "https://plugins.svn.wordpress.org/jetpack/",
                "reference": "tags/6.9"
            },
            "dist": {
                "type": "zip",
                "url": "https://downloads.wordpress.org/plugin/jetpack.6.9.zip",
                "reference": null,
                "shasum": null
            },
            "require": {
                "composer/installers": "~1.0"
            },
            "type": "wordpress-plugin",
            "homepage": "https://wordpress.org/plugins/jetpack/"
        },
        {
            "name": "wpackagist-plugin/redis-cache",
            "version": "1.4.1",
            "source": {
                "type": "svn",
                "url": "https://plugins.svn.wordpress.org/redis-cache/",
                "reference": "tags/1.4.1"
            },
            "dist": {
                "type": "zip",
                "url": "https://downloads.wordpress.org/plugin/redis-cache.1.4.1.zip",
                "reference": null,
                "shasum": null
            },
            "require": {
                "composer/installers": "~1.0"
            },
            "type": "wordpress-plugin",
            "homepage": "https://wordpress.org/plugins/redis-cache/"
        },
        {
            "name": "wpackagist-plugin/rewrite-rules-inspector",
            "version": "1.2.1",
            "source": {
                "type": "svn",
                "url": "https://plugins.svn.wordpress.org/rewrite-rules-inspector/",
                "reference": "tags/1.2.1"
            },
            "dist": {
                "type": "zip",
                "url": "https://downloads.wordpress.org/plugin/rewrite-rules-inspector.1.2.1.zip",
                "reference": null,
                "shasum": null
            },
            "require": {
                "composer/installers": "~1.0"
            },
            "type": "wordpress-plugin",
            "homepage": "https://wordpress.org/plugins/rewrite-rules-inspector/"
        },
        {
            "name": "wpackagist-plugin/w3-total-cache",
            "version": "0.9.7.2",
            "source": {
                "type": "svn",
                "url": "https://plugins.svn.wordpress.org/w3-total-cache/",
                "reference": "tags/0.9.7.2"
            },
            "dist": {
                "type": "zip",
                "url": "https://downloads.wordpress.org/plugin/w3-total-cache.0.9.7.2.zip",
                "reference": null,
                "shasum": null
            },
            "require": {
                "composer/installers": "~1.0"
            },
            "type": "wordpress-plugin",
            "homepage": "https://wordpress.org/plugins/w3-total-cache/"
        },
        {
            "name": "wpackagist-plugin/wonderm00ns-simple-facebook-open-graph-tags",
            "version": "2.2.5",
            "source": {
                "type": "svn",
                "url": "https://plugins.svn.wordpress.org/wonderm00ns-simple-facebook-open-graph-tags/",
                "reference": "tags/2.2.5"
            },
            "dist": {
                "type": "zip",
                "url": "https://downloads.wordpress.org/plugin/wonderm00ns-simple-facebook-open-graph-tags.2.2.5.zip",
                "reference": null,
                "shasum": null
            },
            "require": {
                "composer/installers": "~1.0"
            },
            "type": "wordpress-plugin",
            "homepage": "https://wordpress.org/plugins/wonderm00ns-simple-facebook-open-graph-tags/"
        },
        {
            "name": "wpackagist-plugin/wp-super-cache",
            "version": "1.6.4",
            "source": {
                "type": "svn",
                "url": "https://plugins.svn.wordpress.org/wp-super-cache/",
                "reference": "tags/1.6.4"
            },
            "dist": {
                "type": "zip",
                "url": "https://downloads.wordpress.org/plugin/wp-super-cache.1.6.4.zip",
                "reference": null,
                "shasum": null
            },
            "require": {
                "composer/installers": "~1.0"
            },
            "type": "wordpress-plugin",
            "homepage": "https://wordpress.org/plugins/wp-super-cache/"
        },
        {
            "name": "wpackagist-plugin/wps-hide-login",
            "version": "1.5.2.1",
            "source": {
                "type": "svn",
                "url": "https://plugins.svn.wordpress.org/wps-hide-login/",
                "reference": "tags/1.5.2.1"
            },
            "dist": {
                "type": "zip",
                "url": "https://downloads.wordpress.org/plugin/wps-hide-login.1.5.2.1.zip",
                "reference": null,
                "shasum": null
            },
            "require": {
                "composer/installers": "~1.0"
            },
            "type": "wordpress-plugin",
            "homepage": "https://wordpress.org/plugins/wps-hide-login/"
        }
    ],
    "packages-dev": [
        {
            "name": "wpackagist-plugin/debug-bar",
            "version": "0.9",
            "source": {
                "type": "svn",
                "url": "https://plugins.svn.wordpress.org/debug-bar/",
                "reference": "tags/0.9"
            },
            "dist": {
                "type": "zip",
                "url": "https://downloads.wordpress.org/plugin/debug-bar.0.9.zip",
                "reference": null,
                "shasum": null
            },
            "require": {
                "composer/installers": "~1.0"
            },
            "type": "wordpress-plugin",
            "homepage": "https://wordpress.org/plugins/debug-bar/"
        },
        {
            "name": "wpackagist-plugin/query-monitor",
            "version": "3.2.2",
            "source": {
                "type": "svn",
                "url": "https://plugins.svn.wordpress.org/query-monitor/",
                "reference": "tags/3.2.2"
            },
            "dist": {
                "type": "zip",
                "url": "https://downloads.wordpress.org/plugin/query-monitor.3.2.2.zip",
                "reference": null,
                "shasum": null
            },
            "require": {
                "composer/installers": "~1.0"
            },
            "type": "wordpress-plugin",
            "homepage": "https://wordpress.org/plugins/query-monitor/"
        },
        {
            "name": "wpackagist-plugin/wp-log-viewer",
            "version": "1.2.1",
            "source": {
                "type": "svn",
                "url": "https://plugins.svn.wordpress.org/wp-log-viewer/",
                "reference": "tags/1.2.1"
            },
            "dist": {
                "type": "zip",
                "url": "https://downloads.wordpress.org/plugin/wp-log-viewer.1.2.1.zip",
                "reference": null,
                "shasum": null
            },
            "require": {
                "composer/installers": "~1.0"
            },
            "type": "wordpress-plugin",
            "homepage": "https://wordpress.org/plugins/wp-log-viewer/"
        }
    ],
    "aliases": [],
    "minimum-stability": "dev",
    "stability-flags": {
        "koodimonni/composer-dropin-installer": 20,
        "tsoisoonthorn/rlje-wp-theme": 20,
        "tsoisoonthorn/rlje-wp-plugin": 20,
        "rljentertainment/rlje-api-wp-plugin": 20
    },
    "prefer-stable": false,
    "prefer-lowest": false,
    "platform": {
        "php": ">=7.0"
    },
    "platform-dev": []
}
